
Microsoft Visual Studio Solution File, Format Version 11.00
# Visual Studio 2010
Project("{FAE04EC0-301F-11D3-BF4B-00C04F79EFBC}") = "Assembly-CSharp", "Assembly-CSharp.csproj", "{526b01d9-e1be-2a8f-7590-28b4c4e03728}"
EndProject
Project("{FAE04EC0-301F-11D3-BF4B-00C04F79EFBC}") = "Assembly-CSharp-Editor", "Assembly-CSharp-Editor.csproj", "{ba50e8fe-4d67-572f-e000-82079b836cc4}"
EndProject
Global
	GlobalSection(SolutionConfigurationPlatforms) = preSolution
		Debug|Any CPU = Debug|Any CPU
	EndGlobalSection
	GlobalSection(ProjectConfigurationPlatforms) = postSolution
		{526b01d9-e1be-2a8f-7590-28b4c4e03728}.Debug|Any CPU.ActiveCfg = Debug|Any CPU
		{526b01d9-e1be-2a8f-7590-28b4c4e03728}.Debug|Any CPU.Build.0 = Debug|Any CPU
		{ba50e8fe-4d67-572f-e000-82079b836cc4}.Debug|Any CPU.ActiveCfg = Debug|Any CPU
		{ba50e8fe-4d67-572f-e000-82079b836cc4}.Debug|Any CPU.Build.0 = Debug|Any CPU
	EndGlobalSection
	GlobalSection(SolutionProperties) = preSolution
		HideSolutionNode = FALSE
	EndGlobalSection
EndGlobal
